
Microsoft Visual Studio Solution File, Format Version 12.00
# Visual Studio Version 16
VisualStudioVersion = 16.0.29409.12
MinimumVisualStudioVersion = 10.0.40219.1
Project("{FAE04EC0-301F-11D3-BF4B-00C04F79EFBC}") = "Lab8", "Lab8\Lab8.csproj", "{820EC702-89DA-4ED4-8582-60A2F3CA83C2}"
EndProject
Global
	GlobalSection(SolutionConfigurationPlatforms) = preSolution
		Debug|Any CPU = Debug|Any CPU
		Release|Any CPU = Release|Any CPU
	EndGlobalSection
	GlobalSection(ProjectConfigurationPlatforms) = postSolution
		{820EC702-89DA-4ED4-8582-60A2F3CA83C2}.Debug|Any CPU.ActiveCfg = Debug|Any CPU
		{820EC702-89DA-4ED4-8582-60A2F3CA83C2}.Debug|Any CPU.Build.0 = Debug|Any CPU
		{820EC702-89DA-4ED4-8582-60A2F3CA83C2}.Release|Any CPU.ActiveCfg = Release|Any CPU
		{820EC702-89DA-4ED4-8582-60A2F3CA83C2}.Release|Any CPU.Build.0 = Release|Any CPU
	EndGlobalSection
	GlobalSection(SolutionProperties) = preSolution
		HideSolutionNode = FALSE
	EndGlobalSection
	GlobalSection(ExtensibilityGlobals) = postSolution
		SolutionGuid = {34BE3E41-9329-42EC-8941-9C0D88612646}
	EndGlobalSection
EndGlobal
